// !$*UTF8*$!
{
	archiveVersion = 1;
	classes = {
	};
	objectVersion = 56;
	objects = {

/* Begin PBXBuildFile section */
		5CF9E38A13ED1FAF730E23A3 /* Pods_Notes.framework in Frameworks */ = {isa = PBXBuildFile; fileRef = E94645DDDEE1B3AEE1C632C0 /* Pods_Notes.framework */; };
		B533346D29996AC100CEC638 /* AppDelegate.swift in Sources */ = {isa = PBXBuildFile; fileRef = B533346C29996AC100CEC638 /* AppDelegate.swift */; };
		B533346F29996AC100CEC638 /* SceneDelegate.swift in Sources */ = {isa = PBXBuildFile; fileRef = B533346E29996AC100CEC638 /* SceneDelegate.swift */; };
		B533347129996AC100CEC638 /* NotesListViewController.swift in Sources */ = {isa = PBXBuildFile; fileRef = B533347029996AC100CEC638 /* NotesListViewController.swift */; };
		B533347729996AC100CEC638 /* Notes.xcdatamodeld in Sources */ = {isa = PBXBuildFile; fileRef = B533347529996AC100CEC638 /* Notes.xcdatamodeld */; };
		B533347929996AC300CEC638 /* Assets.xcassets in Resources */ = {isa = PBXBuildFile; fileRef = B533347829996AC300CEC638 /* Assets.xcassets */; };
		B533347C29996AC300CEC638 /* LaunchScreen.storyboard in Resources */ = {isa = PBXBuildFile; fileRef = B533347A29996AC300CEC638 /* LaunchScreen.storyboard */; };
		B533348529996BBA00CEC638 /* NotesListCollectionViewCell.swift in Sources */ = {isa = PBXBuildFile; fileRef = B533348429996BBA00CEC638 /* NotesListCollectionViewCell.swift */; };
		B533348729996BE700CEC638 /* EditNoteViewController.swift in Sources */ = {isa = PBXBuildFile; fileRef = B533348629996BE700CEC638 /* EditNoteViewController.swift */; };
		B5333492299970BA00CEC638 /* NoteItem+CoreDataClass.swift in Sources */ = {isa = PBXBuildFile; fileRef = B5333490299970BA00CEC638 /* NoteItem+CoreDataClass.swift */; };
		B5333493299970BA00CEC638 /* NoteItem+CoreDataProperties.swift in Sources */ = {isa = PBXBuildFile; fileRef = B5333491299970BA00CEC638 /* NoteItem+CoreDataProperties.swift */; };
		B5333497299A669E00CEC638 /* CoreDataManager.swift in Sources */ = {isa = PBXBuildFile; fileRef = B5333496299A669E00CEC638 /* CoreDataManager.swift */; };
		B5333499299C205B00CEC638 /* NotesListDelegate.swift in Sources */ = {isa = PBXBuildFile; fileRef = B5333498299C205B00CEC638 /* NotesListDelegate.swift */; };
		B533349C29A0C9F700CEC638 /* ImagePickerManager.swift in Sources */ = {isa = PBXBuildFile; fileRef = B533349B29A0C9F600CEC638 /* ImagePickerManager.swift */; };
		B53334A229A1266D00CEC638 /* ExtensionsForEditNoteVC.swift in Sources */ = {isa = PBXBuildFile; fileRef = B53334A129A1266D00CEC638 /* ExtensionsForEditNoteVC.swift */; };
/* End PBXBuildFile section */

/* Begin PBXFileReference section */
		A26FCCC021FADFB3635690FB /* Pods-Notes.debug.xcconfig */ = {isa = PBXFileReference; includeInIndex = 1; lastKnownFileType = text.xcconfig; name = "Pods-Notes.debug.xcconfig"; path = "Target Support Files/Pods-Notes/Pods-Notes.debug.xcconfig"; sourceTree = "<group>"; };
		B533346929996AC100CEC638 /* Notes.app */ = {isa = PBXFileReference; explicitFileType = wrapper.application; includeInIndex = 0; path = Notes.app; sourceTree = BUILT_PRODUCTS_DIR; };
		B533346C29996AC100CEC638 /* AppDelegate.swift */ = {isa = PBXFileReference; lastKnownFileType = sourcecode.swift; path = AppDelegate.swift; sourceTree = "<group>"; };
		B533346E29996AC100CEC638 /* SceneDelegate.swift */ = {isa = PBXFileReference; lastKnownFileType = sourcecode.swift; path = SceneDelegate.swift; sourceTree = "<group>"; };
		B533347029996AC100CEC638 /* NotesListViewController.swift */ = {isa = PBXFileReference; lastKnownFileType = sourcecode.swift; path = NotesListViewController.swift; sourceTree = "<group>"; };
		B533347629996AC100CEC638 /* Notes.xcdatamodel */ = {isa = PBXFileReference; lastKnownFileType = wrapper.xcdatamodel; path = Notes.xcdatamodel; sourceTree = "<group>"; };
		B533347829996AC300CEC638 /* Assets.xcassets */ = {isa = PBXFileReference; lastKnownFileType = folder.assetcatalog; path = Assets.xcassets; sourceTree = "<group>"; };
		B533347B29996AC300CEC638 /* Base */ = {isa = PBXFileReference; lastKnownFileType = file.storyboard; name = Base; path = Base.lproj/LaunchScreen.storyboard; sourceTree = "<group>"; };
		B533347D29996AC300CEC638 /* Info.plist */ = {isa = PBXFileReference; lastKnownFileType = text.plist.xml; path = Info.plist; sourceTree = "<group>"; };
		B533348429996BBA00CEC638 /* NotesListCollectionViewCell.swift */ = {isa = PBXFileReference; lastKnownFileType = sourcecode.swift; path = NotesListCollectionViewCell.swift; sourceTree = "<group>"; };
		B533348629996BE700CEC638 /* EditNoteViewController.swift */ = {isa = PBXFileReference; lastKnownFileType = sourcecode.swift; path = EditNoteViewController.swift; sourceTree = "<group>"; };
		B5333490299970BA00CEC638 /* NoteItem+CoreDataClass.swift */ = {isa = PBXFileReference; lastKnownFileType = sourcecode.swift; name = "NoteItem+CoreDataClass.swift"; path = "Notes/Models/NoteItem+CoreDataClass.swift"; sourceTree = SOURCE_ROOT; };
		B5333491299970BA00CEC638 /* NoteItem+CoreDataProperties.swift */ = {isa = PBXFileReference; lastKnownFileType = sourcecode.swift; name = "NoteItem+CoreDataProperties.swift"; path = "Notes/Models/NoteItem+CoreDataProperties.swift"; sourceTree = SOURCE_ROOT; };
		B5333496299A669E00CEC638 /* CoreDataManager.swift */ = {isa = PBXFileReference; lastKnownFileType = sourcecode.swift; path = CoreDataManager.swift; sourceTree = "<group>"; };
		B5333498299C205B00CEC638 /* NotesListDelegate.swift */ = {isa = PBXFileReference; lastKnownFileType = sourcecode.swift; path = NotesListDelegate.swift; sourceTree = "<group>"; };
		B533349B29A0C9F600CEC638 /* ImagePickerManager.swift */ = {isa = PBXFileReference; lastKnownFileType = sourcecode.swift; path = ImagePickerManager.swift; sourceTree = "<group>"; };
		B53334A129A1266D00CEC638 /* ExtensionsForEditNoteVC.swift */ = {isa = PBXFileReference; lastKnownFileType = sourcecode.swift; path = ExtensionsForEditNoteVC.swift; sourceTree = "<group>"; };
		E2F48E0C8D53AC18A23F4C02 /* Pods-Notes.release.xcconfig */ = {isa = PBXFileReference; includeInIndex = 1; lastKnownFileType = text.xcconfig; name = "Pods-Notes.release.xcconfig"; path = "Target Support Files/Pods-Notes/Pods-Notes.release.xcconfig"; sourceTree = "<group>"; };
		E94645DDDEE1B3AEE1C632C0 /* Pods_Notes.framework */ = {isa = PBXFileReference; explicitFileType = wrapper.framework; includeInIndex = 0; path = Pods_Notes.framework; sourceTree = BUILT_PRODUCTS_DIR; };
/* End PBXFileReference section */

/* Begin PBXFrameworksBuildPhase section */
		B533346629996AC100CEC638 /* Frameworks */ = {
			isa = PBXFrameworksBuildPhase;
			buildActionMask = 2147483647;
			files = (
				5CF9E38A13ED1FAF730E23A3 /* Pods_Notes.framework in Frameworks */,
			);
			runOnlyForDeploymentPostprocessing = 0;
		};
/* End PBXFrameworksBuildPhase section */

/* Begin PBXGroup section */
		B533346029996AC100CEC638 = {
			isa = PBXGroup;
			children = (
				B533346B29996AC100CEC638 /* Notes */,
				B533346A29996AC100CEC638 /* Products */,
				E41C965B06006E736940E1BA /* Pods */,
				C22CD3B8A8D14A3DE3A61897 /* Frameworks */,
			);
			sourceTree = "<group>";
		};
		B533346A29996AC100CEC638 /* Products */ = {
			isa = PBXGroup;
			children = (
				B533346929996AC100CEC638 /* Notes.app */,
			);
			name = Products;
			sourceTree = "<group>";
		};
		B533346B29996AC100CEC638 /* Notes */ = {
			isa = PBXGroup;
			children = (
				B533349D29A101FD00CEC638 /* Services */,
				B533349A299C260000CEC638 /* Models */,
				B53334A029A102C400CEC638 /* Delegates */,
				B533349E29A1022100CEC638 /* Note */,
				B53334942999718D00CEC638 /* NotesList */,
				B533349F29A102A800CEC638 /* Resources */,
				B533347A29996AC300CEC638 /* LaunchScreen.storyboard */,
				B533347D29996AC300CEC638 /* Info.plist */,
				B533347529996AC100CEC638 /* Notes.xcdatamodeld */,
			);
			path = Notes;
			sourceTree = "<group>";
		};
		B53334942999718D00CEC638 /* NotesList */ = {
			isa = PBXGroup;
			children = (
				B533347029996AC100CEC638 /* NotesListViewController.swift */,
				B5333498299C205B00CEC638 /* NotesListDelegate.swift */,
				B533348429996BBA00CEC638 /* NotesListCollectionViewCell.swift */,
			);
			path = NotesList;
			sourceTree = "<group>";
		};
		B533349A299C260000CEC638 /* Models */ = {
			isa = PBXGroup;
			children = (
				B5333490299970BA00CEC638 /* NoteItem+CoreDataClass.swift */,
				B5333491299970BA00CEC638 /* NoteItem+CoreDataProperties.swift */,
			);
			path = Models;
			sourceTree = "<group>";
		};
		B533349D29A101FD00CEC638 /* Services */ = {
			isa = PBXGroup;
			children = (
				B5333496299A669E00CEC638 /* CoreDataManager.swift */,
				B533349B29A0C9F600CEC638 /* ImagePickerManager.swift */,
			);
			name = Services;
			path = ..;
			sourceTree = "<group>";
		};
		B533349E29A1022100CEC638 /* Note */ = {
			isa = PBXGroup;
			children = (
				B533348629996BE700CEC638 /* EditNoteViewController.swift */,
				B53334A129A1266D00CEC638 /* ExtensionsForEditNoteVC.swift */,
			);
			path = Note;
			sourceTree = "<group>";
		};
		B533349F29A102A800CEC638 /* Resources */ = {
			isa = PBXGroup;
			children = (
				B533347829996AC300CEC638 /* Assets.xcassets */,
			);
			path = Resources;
			sourceTree = "<group>";
		};
		B53334A029A102C400CEC638 /* Delegates */ = {
			isa = PBXGroup;
			children = (
				B533346C29996AC100CEC638 /* AppDelegate.swift */,
				B533346E29996AC100CEC638 /* SceneDelegate.swift */,
			);
			path = Delegates;
			sourceTree = "<group>";
		};
		C22CD3B8A8D14A3DE3A61897 /* Frameworks */ = {
			isa = PBXGroup;
			children = (
				E94645DDDEE1B3AEE1C632C0 /* Pods_Notes.framework */,
			);
			name = Frameworks;
			sourceTree = "<group>";
		};
		E41C965B06006E736940E1BA /* Pods */ = {
			isa = PBXGroup;
			children = (
				A26FCCC021FADFB3635690FB /* Pods-Notes.debug.xcconfig */,
				E2F48E0C8D53AC18A23F4C02 /* Pods-Notes.release.xcconfig */,
			);
			path = Pods;
			sourceTree = "<group>";
		};
/* End PBXGroup section */

/* Begin PBXNativeTarget section */
		B533346829996AC100CEC638 /* Notes */ = {
			isa = PBXNativeTarget;
			buildConfigurationList = B533348029996AC300CEC638 /* Build configuration list for PBXNativeTarget "Notes" */;
			buildPhases = (
				CB5ED97C4652B816CBC38272 /* [CP] Check Pods Manifest.lock */,
				B533346529996AC100CEC638 /* Sources */,
				B533346629996AC100CEC638 /* Frameworks */,
				B533346729996AC100CEC638 /* Resources */,
				DBC8373031426309677EB463 /* [CP] Embed Pods Frameworks */,
			);
			buildRules = (
			);
			dependencies = (
			);
			name = Notes;
			productName = Notes;
			productReference = B533346929996AC100CEC638 /* Notes.app */;
			productType = "com.apple.product-type.application";
		};
/* End PBXNativeTarget section */

/* Begin PBXProject section */
		B533346129996AC100CEC638 /* Project object */ = {
			isa = PBXProject;
			attributes = {
				BuildIndependentTargetsInParallel = 1;
				LastSwiftUpdateCheck = 1420;
				LastUpgradeCheck = 1420;
				TargetAttributes = {
					B533346829996AC100CEC638 = {
						CreatedOnToolsVersion = 14.2;
					};
				};
			};
			buildConfigurationList = B533346429996AC100CEC638 /* Build configuration list for PBXProject "Notes" */;
			compatibilityVersion = "Xcode 14.0";
			developmentRegion = en;
			hasScannedForEncodings = 0;
			knownRegions = (
				en,
				Base,
			);
			mainGroup = B533346029996AC100CEC638;
			productRefGroup = B533346A29996AC100CEC638 /* Products */;
			projectDirPath = "";
			projectRoot = "";
			targets = (
				B533346829996AC100CEC638 /* Notes */,
			);
		};
/* End PBXProject section */

/* Begin PBXResourcesBuildPhase section */
		B533346729996AC100CEC638 /* Resources */ = {
			isa = PBXResourcesBuildPhase;
			buildActionMask = 2147483647;
			files = (
				B533347C29996AC300CEC638 /* LaunchScreen.storyboard in Resources */,
				B533347929996AC300CEC638 /* Assets.xcassets in Resources */,
			);
			runOnlyForDeploymentPostprocessing = 0;
		};
/* End PBXResourcesBuildPhase section */

/* Begin PBXShellScriptBuildPhase section */
		CB5ED97C4652B816CBC38272 /* [CP] Check Pods Manifest.lock */ = {
			isa = PBXShellScriptBuildPhase;
			buildActionMask = 2147483647;
			files = (
			);
			inputFileListPaths = (
			);
			inputPaths = (
				"${PODS_PODFILE_DIR_PATH}/Podfile.lock",
				"${PODS_ROOT}/Manifest.lock",
			);
			name = "[CP] Check Pods Manifest.lock";
			outputFileListPaths = (
			);
			outputPaths = (
				"$(DERIVED_FILE_DIR)/Pods-Notes-checkManifestLockResult.txt",
			);
			runOnlyForDeploymentPostprocessing = 0;
			shellPath = /bin/sh;
			shellScript = "diff \"${PODS_PODFILE_DIR_PATH}/Podfile.lock\" \"${PODS_ROOT}/Manifest.lock\" > /dev/null\nif [ $? != 0 ] ; then\n    # print error to STDERR\n    echo \"error: The sandbox is not in sync with the Podfile.lock. Run 'pod install' or update your CocoaPods installation.\" >&2\n    exit 1\nfi\n# This output is used by Xcode 'outputs' to avoid re-running this script phase.\necho \"SUCCESS\" > \"${SCRIPT_OUTPUT_FILE_0}\"\n";
			showEnvVarsInLog = 0;
		};
		DBC8373031426309677EB463 /* [CP] Embed Pods Frameworks */ = {
			isa = PBXShellScriptBuildPhase;
			buildActionMask = 2147483647;
			files = (
			);
			inputFileListPaths = (
				"${PODS_ROOT}/Target Support Files/Pods-Notes/Pods-Notes-frameworks-${CONFIGURATION}-input-files.xcfilelist",
			);
			name = "[CP] Embed Pods Frameworks";
			outputFileListPaths = (
				"${PODS_ROOT}/Target Support Files/Pods-Notes/Pods-Notes-frameworks-${CONFIGURATION}-output-files.xcfilelist",
			);
			runOnlyForDeploymentPostprocessing = 0;
			shellPath = /bin/sh;
			shellScript = "\"${PODS_ROOT}/Target Support Files/Pods-Notes/Pods-Notes-frameworks.sh\"\n";
			showEnvVarsInLog = 0;
		};
/* End PBXShellScriptBuildPhase section */

/* Begin PBXSourcesBuildPhase section */
		B533346529996AC100CEC638 /* Sources */ = {
			isa = PBXSourcesBuildPhase;
			buildActionMask = 2147483647;
			files = (
				B533349C29A0C9F700CEC638 /* ImagePickerManager.swift in Sources */,
				B5333499299C205B00CEC638 /* NotesListDelegate.swift in Sources */,
				B533347129996AC100CEC638 /* NotesListViewController.swift in Sources */,
				B533348529996BBA00CEC638 /* NotesListCollectionViewCell.swift in Sources */,
				B53334A229A1266D00CEC638 /* ExtensionsForEditNoteVC.swift in Sources */,
				B533346D29996AC100CEC638 /* AppDelegate.swift in Sources */,
				B533346F29996AC100CEC638 /* SceneDelegate.swift in Sources */,
				B5333493299970BA00CEC638 /* NoteItem+CoreDataProperties.swift in Sources */,
				B5333492299970BA00CEC638 /* NoteItem+CoreDataClass.swift in Sources */,
				B5333497299A669E00CEC638 /* CoreDataManager.swift in Sources */,
				B533348729996BE700CEC638 /* EditNoteViewController.swift in Sources */,
				B533347729996AC100CEC638 /* Notes.xcdatamodeld in Sources */,
			);
			runOnlyForDeploymentPostprocessing = 0;
		};
/* End PBXSourcesBuildPhase section */

/* Begin PBXVariantGroup section */
		B533347A29996AC300CEC638 /* LaunchScreen.storyboard */ = {
			isa = PBXVariantGroup;
			children = (
				B533347B29996AC300CEC638 /* Base */,
			);
			name = LaunchScreen.storyboard;
			sourceTree = "<group>";
		};
/* End PBXVariantGroup section */

/* Begin XCBuildConfiguration section */
		B533347E29996AC300CEC638 /* Debug */ = {
			isa = XCBuildConfiguration;
			buildSettings = {
				ALWAYS_SEARCH_USER_PATHS = NO;
				CLANG_ANALYZER_NONNULL = YES;
				CLANG_ANALYZER_NUMBER_OBJECT_CONVERSION = YES_AGGRESSIVE;
				CLANG_CXX_LANGUAGE_STANDARD = "gnu++20";
				CLANG_ENABLE_MODULES = YES;
				CLANG_ENABLE_OBJC_ARC = YES;
				CLANG_ENABLE_OBJC_WEAK = YES;
				CLANG_WARN_BLOCK_CAPTURE_AUTORELEASING = YES;
				CLANG_WARN_BOOL_CONVERSION = YES;
				CLANG_WARN_COMMA = YES;
				CLANG_WARN_CONSTANT_CONVERSION = YES;
				CLANG_WARN_DEPRECATED_OBJC_IMPLEMENTATIONS = YES;
				CLANG_WARN_DIRECT_OBJC_ISA_USAGE = YES_ERROR;
				CLANG_WARN_DOCUMENTATION_COMMENTS = YES;
				CLANG_WARN_EMPTY_BODY = YES;
				CLANG_WARN_ENUM_CONVERSION = YES;
				CLANG_WARN_INFINITE_RECURSION = YES;
				CLANG_WARN_INT_CONVERSION = YES;
				CLANG_WARN_NON_LITERAL_NULL_CONVERSION = YES;
				CLANG_WARN_OBJC_IMPLICIT_RETAIN_SELF = YES;
				CLANG_WARN_OBJC_LITERAL_CONVERSION = YES;
				CLANG_WARN_OBJC_ROOT_CLASS = YES_ERROR;
				CLANG_WARN_QUOTED_INCLUDE_IN_FRAMEWORK_HEADER = YES;
				CLANG_WARN_RANGE_LOOP_ANALYSIS = YES;
				CLANG_WARN_STRICT_PROTOTYPES = YES;
				CLANG_WARN_SUSPICIOUS_MOVE = YES;
				CLANG_WARN_UNGUARDED_AVAILABILITY = YES_AGGRESSIVE;
				CLANG_WARN_UNREACHABLE_CODE = YES;
				CLANG_WARN__DUPLICATE_METHOD_MATCH = YES;
				COPY_PHASE_STRIP = NO;
				DEBUG_INFORMATION_FORMAT = dwarf;
				ENABLE_STRICT_OBJC_MSGSEND = YES;
				ENABLE_TESTABILITY = YES;
				GCC_C_LANGUAGE_STANDARD = gnu11;
				GCC_DYNAMIC_NO_PIC = NO;
				GCC_NO_COMMON_BLOCKS = YES;
				GCC_OPTIMIZATION_LEVEL = 0;
				GCC_PREPROCESSOR_DEFINITIONS = (
					"DEBUG=1",
					"$(inherited)",
				);
				GCC_WARN_64_TO_32_BIT_CONVERSION = YES;
				GCC_WARN_ABOUT_RETURN_TYPE = YES_ERROR;
				GCC_WARN_UNDECLARED_SELECTOR = YES;
				GCC_WARN_UNINITIALIZED_AUTOS = YES_AGGRESSIVE;
				GCC_WARN_UNUSED_FUNCTION = YES;
				GCC_WARN_UNUSED_VARIABLE = YES;
				IPHONEOS_DEPLOYMENT_TARGET = 13.0;
				MTL_ENABLE_DEBUG_INFO = INCLUDE_SOURCE;
				MTL_FAST_MATH = YES;
				ONLY_ACTIVE_ARCH = YES;
				SDKROOT = iphoneos;
				SWIFT_ACTIVE_COMPILATION_CONDITIONS = DEBUG;
				SWIFT_OPTIMIZATION_LEVEL = "-Onone";
			};
			name = Debug;
		};
		B533347F29996AC300CEC638 /* Release */ = {
			isa = XCBuildConfiguration;
			buildSettings = {
				ALWAYS_SEARCH_USER_PATHS = NO;
				CLANG_ANALYZER_NONNULL = YES;
				CLANG_ANALYZER_NUMBER_OBJECT_CONVERSION = YES_AGGRESSIVE;
				CLANG_CXX_LANGUAGE_STANDARD = "gnu++20";
				CLANG_ENABLE_MODULES = YES;
				CLANG_ENABLE_OBJC_ARC = YES;
				CLANG_ENABLE_OBJC_WEAK = YES;
				CLANG_WARN_BLOCK_CAPTURE_AUTORELEASING = YES;
				CLANG_WARN_BOOL_CONVERSION = YES;
				CLANG_WARN_COMMA = YES;
				CLANG_WARN_CONSTANT_CONVERSION = YES;
				CLANG_WARN_DEPRECATED_OBJC_IMPLEMENTATIONS = YES;
				CLANG_WARN_DIRECT_OBJC_ISA_USAGE = YES_ERROR;
				CLANG_WARN_DOCUMENTATION_COMMENTS = YES;
				CLANG_WARN_EMPTY_BODY = YES;
				CLANG_WARN_ENUM_CONVERSION = YES;
				CLANG_WARN_INFINITE_RECURSION = YES;
				CLANG_WARN_INT_CONVERSION = YES;
				CLANG_WARN_NON_LITERAL_NULL_CONVERSION = YES;
				CLANG_WARN_OBJC_IMPLICIT_RETAIN_SELF = YES;
				CLANG_WARN_OBJC_LITERAL_CONVERSION = YES;
				CLANG_WARN_OBJC_ROOT_CLASS = YES_ERROR;
				CLANG_WARN_QUOTED_INCLUDE_IN_FRAMEWORK_HEADER = YES;
				CLANG_WARN_RANGE_LOOP_ANALYSIS = YES;
				CLANG_WARN_STRICT_PROTOTYPES = YES;
				CLANG_WARN_SUSPICIOUS_MOVE = YES;
				CLANG_WARN_UNGUARDED_AVAILABILITY = YES_AGGRESSIVE;
				CLANG_WARN_UNREACHABLE_CODE = YES;
				CLANG_WARN__DUPLICATE_METHOD_MATCH = YES;
				COPY_PHASE_STRIP = NO;
				DEBUG_INFORMATION_FORMAT = "dwarf-with-dsym";
				ENABLE_NS_ASSERTIONS = NO;
				ENABLE_STRICT_OBJC_MSGSEND = YES;
				GCC_C_LANGUAGE_STANDARD = gnu11;
				GCC_NO_COMMON_BLOCKS = YES;
				GCC_WARN_64_TO_32_BIT_CONVERSION = YES;
				GCC_WARN_ABOUT_RETURN_TYPE = YES_ERROR;
				GCC_WARN_UNDECLARED_SELECTOR = YES;
				GCC_WARN_UNINITIALIZED_AUTOS = YES_AGGRESSIVE;
				GCC_WARN_UNUSED_FUNCTION = YES;
				GCC_WARN_UNUSED_VARIABLE = YES;
				IPHONEOS_DEPLOYMENT_TARGET = 13.0;
				MTL_ENABLE_DEBUG_INFO = NO;
				MTL_FAST_MATH = YES;
				SDKROOT = iphoneos;
				SWIFT_COMPILATION_MODE = wholemodule;
				SWIFT_OPTIMIZATION_LEVEL = "-O";
				VALIDATE_PRODUCT = YES;
			};
			name = Release;
		};
		B533348129996AC300CEC638 /* Debug */ = {
			isa = XCBuildConfiguration;
			baseConfigurationReference = A26FCCC021FADFB3635690FB /* Pods-Notes.debug.xcconfig */;
			buildSettings = {
				ASSETCATALOG_COMPILER_APPICON_NAME = AppIcon;
				ASSETCATALOG_COMPILER_GLOBAL_ACCENT_COLOR_NAME = AccentColor;
				CODE_SIGN_STYLE = Automatic;
				CURRENT_PROJECT_VERSION = 1;
				GENERATE_INFOPLIST_FILE = YES;
				INFOPLIST_FILE = Notes/Info.plist;
				INFOPLIST_KEY_NSCameraUsageDescription = "This app requires access to the camera.";
				INFOPLIST_KEY_NSPhotoLibraryUsageDescription = "This app requires access to the photo library.";
				INFOPLIST_KEY_UIApplicationSupportsIndirectInputEvents = YES;
				INFOPLIST_KEY_UILaunchStoryboardName = LaunchScreen;
				INFOPLIST_KEY_UISupportedInterfaceOrientations = "UIInterfaceOrientationLandscapeRight UIInterfaceOrientationPortrait";
				INFOPLIST_KEY_UISupportedInterfaceOrientations_iPad = UIInterfaceOrientationPortrait;
				IPHONEOS_DEPLOYMENT_TARGET = 13.0;
				LD_RUNPATH_SEARCH_PATHS = (
					"$(inherited)",
					"@executable_path/Frameworks",
				);
				MARKETING_VERSION = 1.0;
				PRODUCT_BUNDLE_IDENTIFIER = "-.Notes";
				PRODUCT_NAME = "$(TARGET_NAME)";
				SUPPORTED_PLATFORMS = "iphoneos iphonesimulator";
				SUPPORTS_MACCATALYST = NO;
				SUPPORTS_MAC_DESIGNED_FOR_IPHONE_IPAD = NO;
				SWIFT_EMIT_LOC_STRINGS = YES;
				SWIFT_VERSION = 5.0;
				TARGETED_DEVICE_FAMILY = "1,2";
			};
			name = Debug;
		};
		B533348229996AC300CEC638 /* Release */ = {
			isa = XCBuildConfiguration;
			baseConfigurationReference = E2F48E0C8D53AC18A23F4C02 /* Pods-Notes.release.xcconfig */;
			buildSettings = {
				ASSETCATALOG_COMPILER_APPICON_NAME = AppIcon;
				ASSETCATALOG_COMPILER_GLOBAL_ACCENT_COLOR_NAME = AccentColor;
				CODE_SIGN_STYLE = Automatic;
				CURRENT_PROJECT_VERSION = 1;
				GENERATE_INFOPLIST_FILE = YES;
				INFOPLIST_FILE = Notes/Info.plist;
				INFOPLIST_KEY_NSCameraUsageDescription = "This app requires access to the camera.";
				INFOPLIST_KEY_NSPhotoLibraryUsageDescription = "This app requires access to the photo library.";
				INFOPLIST_KEY_UIApplicationSupportsIndirectInputEvents = YES;
				INFOPLIST_KEY_UILaunchStoryboardName = LaunchScreen;
				INFOPLIST_KEY_UISupportedInterfaceOrientations = "UIInterfaceOrientationLandscapeRight UIInterfaceOrientationPortrait";
				INFOPLIST_KEY_UISupportedInterfaceOrientations_iPad = UIInterfaceOrientationPortrait;
				IPHONEOS_DEPLOYMENT_TARGET = 13.0;
				LD_RUNPATH_SEARCH_PATHS = (
					"$(inherited)",
					"@executable_path/Frameworks",
				);
				MARKETING_VERSION = 1.0;
				PRODUCT_BUNDLE_IDENTIFIER = "-.Notes";
				PRODUCT_NAME = "$(TARGET_NAME)";
				SUPPORTED_PLATFORMS = "iphoneos iphonesimulator";
				SUPPORTS_MACCATALYST = NO;
				SUPPORTS_MAC_DESIGNED_FOR_IPHONE_IPAD = NO;
				SWIFT_EMIT_LOC_STRINGS = YES;
				SWIFT_VERSION = 5.0;
				TARGETED_DEVICE_FAMILY = "1,2";
			};
			name = Release;
		};
/* End XCBuildConfiguration section */

/* Begin XCConfigurationList section */
		B533346429996AC100CEC638 /* Build configuration list for PBXProject "Notes" */ = {
			isa = XCConfigurationList;
			buildConfigurations = (
				B533347E29996AC300CEC638 /* Debug */,
				B533347F29996AC300CEC638 /* Release */,
			);
			defaultConfigurationIsVisible = 0;
			defaultConfigurationName = Release;
		};
		B533348029996AC300CEC638 /* Build configuration list for PBXNativeTarget "Notes" */ = {
			isa = XCConfigurationList;
			buildConfigurations = (
				B533348129996AC300CEC638 /* Debug */,
				B533348229996AC300CEC638 /* Release */,
			);
			defaultConfigurationIsVisible = 0;
			defaultConfigurationName = Release;
		};
/* End XCConfigurationList section */

/* Begin XCVersionGroup section */
		B533347529996AC100CEC638 /* Notes.xcdatamodeld */ = {
			isa = XCVersionGroup;
			children = (
				B533347629996AC100CEC638 /* Notes.xcdatamodel */,
			);
			currentVersion = B533347629996AC100CEC638 /* Notes.xcdatamodel */;
			path = Notes.xcdatamodeld;
			sourceTree = "<group>";
			versionGroupType = wrapper.xcdatamodel;
		};
/* End XCVersionGroup section */
	};
	rootObject = B533346129996AC100CEC638 /* Project object */;
}
